// !$*UTF8*$!
{
	archiveVersion = 1;
	classes = {
	};
	objectVersion = 51;
	objects = {

/* Begin PBXBuildFile section */
		151D134250EC9D00E6925E97 /* Pods_WalkingApp.framework in Frameworks */ = {isa = PBXBuildFile; fileRef = 87054BBC6C03473017CBD60E /* Pods_WalkingApp.framework */; };
		9749C96E2588AE7500264D6B /* AppDelegate.swift in Sources */ = {isa = PBXBuildFile; fileRef = 9749C96D2588AE7500264D6B /* AppDelegate.swift */; };
		9749C9702588AE7500264D6B /* SceneDelegate.swift in Sources */ = {isa = PBXBuildFile; fileRef = 9749C96F2588AE7500264D6B /* SceneDelegate.swift */; };
		9749C9722588AE7500264D6B /* ViewController.swift in Sources */ = {isa = PBXBuildFile; fileRef = 9749C9712588AE7500264D6B /* ViewController.swift */; };
		9749C9752588AE7500264D6B /* Main.storyboard in Resources */ = {isa = PBXBuildFile; fileRef = 9749C9732588AE7500264D6B /* Main.storyboard */; };
		9749C9772588AE7600264D6B /* Assets.xcassets in Resources */ = {isa = PBXBuildFile; fileRef = 9749C9762588AE7600264D6B /* Assets.xcassets */; };
		9749C97A2588AE7600264D6B /* LaunchScreen.storyboard in Resources */ = {isa = PBXBuildFile; fileRef = 9749C9782588AE7600264D6B /* LaunchScreen.storyboard */; };
		9749C9852588AE7600264D6B /* WalkingAppTests.swift in Sources */ = {isa = PBXBuildFile; fileRef = 9749C9842588AE7600264D6B /* WalkingAppTests.swift */; };
		9749C9902588AE7600264D6B /* WalkingAppUITests.swift in Sources */ = {isa = PBXBuildFile; fileRef = 9749C98F2588AE7600264D6B /* WalkingAppUITests.swift */; };
		9749C9B62591E1CF00264D6B /* SignUpViewController.swift in Sources */ = {isa = PBXBuildFile; fileRef = 9749C9B52591E1CF00264D6B /* SignUpViewController.swift */; };
		9749C9BB2591E23600264D6B /* LoginViewController.swift in Sources */ = {isa = PBXBuildFile; fileRef = 9749C9BA2591E23600264D6B /* LoginViewController.swift */; };
		9749C9C0259B177F00264D6B /* Utilities.swift in Sources */ = {isa = PBXBuildFile; fileRef = 9749C9BF259B177F00264D6B /* Utilities.swift */; };
		9749C9DE259BC4D300264D6B /* Constants.swift in Sources */ = {isa = PBXBuildFile; fileRef = 9749C9DD259BC4D300264D6B /* Constants.swift */; };
		9749C9E3259BC67300264D6B /* HomeViewController.swift in Sources */ = {isa = PBXBuildFile; fileRef = 9749C9E2259BC67300264D6B /* HomeViewController.swift */; };
		9749CA2725A45D5F00264D6B /* GoogleService-Info.plist in Resources */ = {isa = PBXBuildFile; fileRef = 9749CA2625A45D5F00264D6B /* GoogleService-Info.plist */; };
		A3A123B3E3E41C034F2609DA /* Pods_WalkingApp_WalkingAppUITests.framework in Frameworks */ = {isa = PBXBuildFile; fileRef = 4B998D0AC005F26BAE19D730 /* Pods_WalkingApp_WalkingAppUITests.framework */; };
		BB58715BAB03262FFC2C43C7 /* Pods_WalkingAppTests.framework in Frameworks */ = {isa = PBXBuildFile; fileRef = E0F924E0C3B4625DE55DEEC2 /* Pods_WalkingAppTests.framework */; };
/* End PBXBuildFile section */

/* Begin PBXContainerItemProxy section */
		9749C9812588AE7600264D6B /* PBXContainerItemProxy */ = {
			isa = PBXContainerItemProxy;
			containerPortal = 9749C9622588AE7500264D6B /* Project object */;
			proxyType = 1;
			remoteGlobalIDString = 9749C9692588AE7500264D6B;
			remoteInfo = WalkingApp;
		};
		9749C98C2588AE7600264D6B /* PBXContainerItemProxy */ = {
			isa = PBXContainerItemProxy;
			containerPortal = 9749C9622588AE7500264D6B /* Project object */;
			proxyType = 1;
			remoteGlobalIDString = 9749C9692588AE7500264D6B;
			remoteInfo = WalkingApp;
		};
/* End PBXContainerItemProxy section */

/* Begin PBXFileReference section */
		0E7EC713E37223BE9203AFAF /* Pods-WalkingApp-WalkingAppUITests.debug.xcconfig */ = {isa = PBXFileReference; includeInIndex = 1; lastKnownFileType = text.xcconfig; name = "Pods-WalkingApp-WalkingAppUITests.debug.xcconfig"; path = "Target Support Files/Pods-WalkingApp-WalkingAppUITests/Pods-WalkingApp-WalkingAppUITests.debug.xcconfig"; sourceTree = "<group>"; };
		4B998D0AC005F26BAE19D730 /* Pods_WalkingApp_WalkingAppUITests.framework */ = {isa = PBXFileReference; explicitFileType = wrapper.framework; includeInIndex = 0; path = Pods_WalkingApp_WalkingAppUITests.framework; sourceTree = BUILT_PRODUCTS_DIR; };
		87054BBC6C03473017CBD60E /* Pods_WalkingApp.framework */ = {isa = PBXFileReference; explicitFileType = wrapper.framework; includeInIndex = 0; path = Pods_WalkingApp.framework; sourceTree = BUILT_PRODUCTS_DIR; };
		9749C96A2588AE7500264D6B /* WalkingApp.app */ = {isa = PBXFileReference; explicitFileType = wrapper.application; includeInIndex = 0; path = WalkingApp.app; sourceTree = BUILT_PRODUCTS_DIR; };
		9749C96D2588AE7500264D6B /* AppDelegate.swift */ = {isa = PBXFileReference; lastKnownFileType = sourcecode.swift; path = AppDelegate.swift; sourceTree = "<group>"; };
		9749C96F2588AE7500264D6B /* SceneDelegate.swift */ = {isa = PBXFileReference; lastKnownFileType = sourcecode.swift; path = SceneDelegate.swift; sourceTree = "<group>"; };
		9749C9712588AE7500264D6B /* ViewController.swift */ = {isa = PBXFileReference; lastKnownFileType = sourcecode.swift; path = ViewController.swift; sourceTree = "<group>"; };
		9749C9742588AE7500264D6B /* Base */ = {isa = PBXFileReference; lastKnownFileType = file.storyboard; name = Base; path = Base.lproj/Main.storyboard; sourceTree = "<group>"; };
		9749C9762588AE7600264D6B /* Assets.xcassets */ = {isa = PBXFileReference; lastKnownFileType = folder.assetcatalog; path = Assets.xcassets; sourceTree = "<group>"; };
		9749C9792588AE7600264D6B /* Base */ = {isa = PBXFileReference; lastKnownFileType = file.storyboard; name = Base; path = Base.lproj/LaunchScreen.storyboard; sourceTree = "<group>"; };
		9749C97B2588AE7600264D6B /* Info.plist */ = {isa = PBXFileReference; lastKnownFileType = text.plist.xml; path = Info.plist; sourceTree = "<group>"; };
		9749C9802588AE7600264D6B /* WalkingAppTests.xctest */ = {isa = PBXFileReference; explicitFileType = wrapper.cfbundle; includeInIndex = 0; path = WalkingAppTests.xctest; sourceTree = BUILT_PRODUCTS_DIR; };
		9749C9842588AE7600264D6B /* WalkingAppTests.swift */ = {isa = PBXFileReference; lastKnownFileType = sourcecode.swift; path = WalkingAppTests.swift; sourceTree = "<group>"; };
		9749C9862588AE7600264D6B /* Info.plist */ = {isa = PBXFileReference; lastKnownFileType = text.plist.xml; path = Info.plist; sourceTree = "<group>"; };
		9749C98B2588AE7600264D6B /* WalkingAppUITests.xctest */ = {isa = PBXFileReference; explicitFileType = wrapper.cfbundle; includeInIndex = 0; path = WalkingAppUITests.xctest; sourceTree = BUILT_PRODUCTS_DIR; };
		9749C98F2588AE7600264D6B /* WalkingAppUITests.swift */ = {isa = PBXFileReference; lastKnownFileType = sourcecode.swift; path = WalkingAppUITests.swift; sourceTree = "<group>"; };
		9749C9912588AE7600264D6B /* Info.plist */ = {isa = PBXFileReference; lastKnownFileType = text.plist.xml; path = Info.plist; sourceTree = "<group>"; };
		9749C9B52591E1CF00264D6B /* SignUpViewController.swift */ = {isa = PBXFileReference; lastKnownFileType = sourcecode.swift; path = SignUpViewController.swift; sourceTree = "<group>"; };
		9749C9BA2591E23600264D6B /* LoginViewController.swift */ = {isa = PBXFileReference; lastKnownFileType = sourcecode.swift; path = LoginViewController.swift; sourceTree = "<group>"; };
		9749C9BF259B177F00264D6B /* Utilities.swift */ = {isa = PBXFileReference; lastKnownFileType = sourcecode.swift; path = Utilities.swift; sourceTree = "<group>"; };
		9749C9DD259BC4D300264D6B /* Constants.swift */ = {isa = PBXFileReference; lastKnownFileType = sourcecode.swift; path = Constants.swift; sourceTree = "<group>"; };
		9749C9E2259BC67300264D6B /* HomeViewController.swift */ = {isa = PBXFileReference; lastKnownFileType = sourcecode.swift; path = HomeViewController.swift; sourceTree = "<group>"; };
		9749CA2625A45D5F00264D6B /* GoogleService-Info.plist */ = {isa = PBXFileReference; fileEncoding = 4; lastKnownFileType = text.plist.xml; path = "GoogleService-Info.plist"; sourceTree = "<group>"; };
		A3BF62F7C4D8101BFD8AA4A0 /* Pods-WalkingApp-WalkingAppUITests.release.xcconfig */ = {isa = PBXFileReference; includeInIndex = 1; lastKnownFileType = text.xcconfig; name = "Pods-WalkingApp-WalkingAppUITests.release.xcconfig"; path = "Target Support Files/Pods-WalkingApp-WalkingAppUITests/Pods-WalkingApp-WalkingAppUITests.release.xcconfig"; sourceTree = "<group>"; };
		D4D923EFE6B551EBA8B0D859 /* Pods-WalkingAppTests.release.xcconfig */ = {isa = PBXFileReference; includeInIndex = 1; lastKnownFileType = text.xcconfig; name = "Pods-WalkingAppTests.release.xcconfig"; path = "Target Support Files/Pods-WalkingAppTests/Pods-WalkingAppTests.release.xcconfig"; sourceTree = "<group>"; };
		D50B90A1FE11EE01A90C6C8A /* Pods-WalkingAppTests.debug.xcconfig */ = {isa = PBXFileReference; includeInIndex = 1; lastKnownFileType = text.xcconfig; name = "Pods-WalkingAppTests.debug.xcconfig"; path = "Target Support Files/Pods-WalkingAppTests/Pods-WalkingAppTests.debug.xcconfig"; sourceTree = "<group>"; };
		DBCAAD091D97ACA397856A52 /* Pods-WalkingApp.release.xcconfig */ = {isa = PBXFileReference; includeInIndex = 1; lastKnownFileType = text.xcconfig; name = "Pods-WalkingApp.release.xcconfig"; path = "Target Support Files/Pods-WalkingApp/Pods-WalkingApp.release.xcconfig"; sourceTree = "<group>"; };
		E0F924E0C3B4625DE55DEEC2 /* Pods_WalkingAppTests.framework */ = {isa = PBXFileReference; explicitFileType = wrapper.framework; includeInIndex = 0; path = Pods_WalkingAppTests.framework; sourceTree = BUILT_PRODUCTS_DIR; };
		F49808C873C912C8BFE68510 /* Pods-WalkingApp.debug.xcconfig */ = {isa = PBXFileReference; includeInIndex = 1; lastKnownFileType = text.xcconfig; name = "Pods-WalkingApp.debug.xcconfig"; path = "Target Support Files/Pods-WalkingApp/Pods-WalkingApp.debug.xcconfig"; sourceTree = "<group>"; };
/* End PBXFileReference section */

/* Begin PBXFrameworksBuildPhase section */
		9749C9672588AE7500264D6B /* Frameworks */ = {
			isa = PBXFrameworksBuildPhase;
			buildActionMask = 2147483647;
			files = (
				151D134250EC9D00E6925E97 /* Pods_WalkingApp.framework in Frameworks */,
			);
			runOnlyForDeploymentPostprocessing = 0;
		};
		9749C97D2588AE7600264D6B /* Frameworks */ = {
			isa = PBXFrameworksBuildPhase;
			buildActionMask = 2147483647;
			files = (
				BB58715BAB03262FFC2C43C7 /* Pods_WalkingAppTests.framework in Frameworks */,
			);
			runOnlyForDeploymentPostprocessing = 0;
		};
		9749C9882588AE7600264D6B /* Frameworks */ = {
			isa = PBXFrameworksBuildPhase;
			buildActionMask = 2147483647;
			files = (
				A3A123B3E3E41C034F2609DA /* Pods_WalkingApp_WalkingAppUITests.framework in Frameworks */,
			);
			runOnlyForDeploymentPostprocessing = 0;
		};
/* End PBXFrameworksBuildPhase section */

/* Begin PBXGroup section */
		273F1FA2071857787B178C93 /* Pods */ = {
			isa = PBXGroup;
			children = (
				F49808C873C912C8BFE68510 /* Pods-WalkingApp.debug.xcconfig */,
				DBCAAD091D97ACA397856A52 /* Pods-WalkingApp.release.xcconfig */,
				0E7EC713E37223BE9203AFAF /* Pods-WalkingApp-WalkingAppUITests.debug.xcconfig */,
				A3BF62F7C4D8101BFD8AA4A0 /* Pods-WalkingApp-WalkingAppUITests.release.xcconfig */,
				D50B90A1FE11EE01A90C6C8A /* Pods-WalkingAppTests.debug.xcconfig */,
				D4D923EFE6B551EBA8B0D859 /* Pods-WalkingAppTests.release.xcconfig */,
			);
			path = Pods;
			sourceTree = "<group>";
		};
		9749C9612588AE7500264D6B = {
			isa = PBXGroup;
			children = (
				9749C96C2588AE7500264D6B /* WalkingApp */,
				9749C9832588AE7600264D6B /* WalkingAppTests */,
				9749C98E2588AE7600264D6B /* WalkingAppUITests */,
				9749C96B2588AE7500264D6B /* Products */,
				273F1FA2071857787B178C93 /* Pods */,
				F44D9AA11EA45F03AAA1BF6F /* Frameworks */,
			);
			sourceTree = "<group>";
		};
		9749C96B2588AE7500264D6B /* Products */ = {
			isa = PBXGroup;
			children = (
				9749C96A2588AE7500264D6B /* WalkingApp.app */,
				9749C9802588AE7600264D6B /* WalkingAppTests.xctest */,
				9749C98B2588AE7600264D6B /* WalkingAppUITests.xctest */,
			);
			name = Products;
			sourceTree = "<group>";
		};
		9749C96C2588AE7500264D6B /* WalkingApp */ = {
			isa = PBXGroup;
			children = (
				9749C96D2588AE7500264D6B /* AppDelegate.swift */,
				9749C96F2588AE7500264D6B /* SceneDelegate.swift */,
				9749C9712588AE7500264D6B /* ViewController.swift */,
				9749C9732588AE7500264D6B /* Main.storyboard */,
				9749C9BA2591E23600264D6B /* LoginViewController.swift */,
				9749C9762588AE7600264D6B /* Assets.xcassets */,
				9749C9782588AE7600264D6B /* LaunchScreen.storyboard */,
				9749C97B2588AE7600264D6B /* Info.plist */,
				9749C9B52591E1CF00264D6B /* SignUpViewController.swift */,
				9749C9BF259B177F00264D6B /* Utilities.swift */,
				9749CA2625A45D5F00264D6B /* GoogleService-Info.plist */,
				9749C9DD259BC4D300264D6B /* Constants.swift */,
				9749C9E2259BC67300264D6B /* HomeViewController.swift */,
			);
			path = WalkingApp;
			sourceTree = "<group>";
		};
		9749C9832588AE7600264D6B /* WalkingAppTests */ = {
			isa = PBXGroup;
			children = (
				9749C9842588AE7600264D6B /* WalkingAppTests.swift */,
				9749C9862588AE7600264D6B /* Info.plist */,
			);
			path = WalkingAppTests;
			sourceTree = "<group>";
		};
		9749C98E2588AE7600264D6B /* WalkingAppUITests */ = {
			isa = PBXGroup;
			children = (
				9749C98F2588AE7600264D6B /* WalkingAppUITests.swift */,
				9749C9912588AE7600264D6B /* Info.plist */,
			);
			path = WalkingAppUITests;
			sourceTree = "<group>";
		};
		F44D9AA11EA45F03AAA1BF6F /* Frameworks */ = {
			isa = PBXGroup;
			children = (
				87054BBC6C03473017CBD60E /* Pods_WalkingApp.framework */,
				4B998D0AC005F26BAE19D730 /* Pods_WalkingApp_WalkingAppUITests.framework */,
				E0F924E0C3B4625DE55DEEC2 /* Pods_WalkingAppTests.framework */,
			);
			name = Frameworks;
			sourceTree = "<group>";
		};
/* End PBXGroup section */

/* Begin PBXNativeTarget section */
		9749C9692588AE7500264D6B /* WalkingApp */ = {
			isa = PBXNativeTarget;
			buildConfigurationList = 9749C9942588AE7600264D6B /* Build configuration list for PBXNativeTarget "WalkingApp" */;
			buildPhases = (
				2D1D06089E7BC3A507755FB1 /* [CP] Check Pods Manifest.lock */,
				9749C9662588AE7500264D6B /* Sources */,
				9749C9672588AE7500264D6B /* Frameworks */,
				9749C9682588AE7500264D6B /* Resources */,
				E4BBFE12F139E60CBAF8FF6D /* [CP] Embed Pods Frameworks */,
			);
			buildRules = (
			);
			dependencies = (
			);
			name = WalkingApp;
			productName = WalkingApp;
			productReference = 9749C96A2588AE7500264D6B /* WalkingApp.app */;
			productType = "com.apple.product-type.application";
		};
		9749C97F2588AE7600264D6B /* WalkingAppTests */ = {
			isa = PBXNativeTarget;
			buildConfigurationList = 9749C9972588AE7600264D6B /* Build configuration list for PBXNativeTarget "WalkingAppTests" */;
			buildPhases = (
				5D2C3BF628F8E9406351740C /* [CP] Check Pods Manifest.lock */,
				9749C97C2588AE7600264D6B /* Sources */,
				9749C97D2588AE7600264D6B /* Frameworks */,
				9749C97E2588AE7600264D6B /* Resources */,
			);
			buildRules = (
			);
			dependencies = (
				9749C9822588AE7600264D6B /* PBXTargetDependency */,
			);
			name = WalkingAppTests;
			productName = WalkingAppTests;
			productReference = 9749C9802588AE7600264D6B /* WalkingAppTests.xctest */;
			productType = "com.apple.product-type.bundle.unit-test";
		};
		9749C98A2588AE7600264D6B /* WalkingAppUITests */ = {
			isa = PBXNativeTarget;
			buildConfigurationList = 9749C99A2588AE7600264D6B /* Build configuration list for PBXNativeTarget "WalkingAppUITests" */;
			buildPhases = (
				2808BAECF081CC9A1D407B8B /* [CP] Check Pods Manifest.lock */,
				9749C9872588AE7600264D6B /* Sources */,
				9749C9882588AE7600264D6B /* Frameworks */,
				9749C9892588AE7600264D6B /* Resources */,
				B19EE936C94865D2ABEE249A /* [CP] Embed Pods Frameworks */,
			);
			buildRules = (
			);
			dependencies = (
				9749C98D2588AE7600264D6B /* PBXTargetDependency */,
			);
			name = WalkingAppUITests;
			productName = WalkingAppUITests;
			productReference = 9749C98B2588AE7600264D6B /* WalkingAppUITests.xctest */;
			productType = "com.apple.product-type.bundle.ui-testing";
		};
/* End PBXNativeTarget section */

/* Begin PBXProject section */
		9749C9622588AE7500264D6B /* Project object */ = {
			isa = PBXProject;
			attributes = {
				LastSwiftUpdateCheck = 1220;
				LastUpgradeCheck = 1220;
				TargetAttributes = {
					9749C9692588AE7500264D6B = {
						CreatedOnToolsVersion = 12.2;
					};
					9749C97F2588AE7600264D6B = {
						CreatedOnToolsVersion = 12.2;
						TestTargetID = 9749C9692588AE7500264D6B;
					};
					9749C98A2588AE7600264D6B = {
						CreatedOnToolsVersion = 12.2;
						TestTargetID = 9749C9692588AE7500264D6B;
					};
				};
			};
			buildConfigurationList = 9749C9652588AE7500264D6B /* Build configuration list for PBXProject "WalkingApp" */;
			compatibilityVersion = "Xcode 9.3";
			developmentRegion = en;
			hasScannedForEncodings = 0;
			knownRegions = (
				en,
				Base,
			);
			mainGroup = 9749C9612588AE7500264D6B;
			productRefGroup = 9749C96B2588AE7500264D6B /* Products */;
			projectDirPath = "";
			projectRoot = "";
			targets = (
				9749C9692588AE7500264D6B /* WalkingApp */,
				9749C97F2588AE7600264D6B /* WalkingAppTests */,
				9749C98A2588AE7600264D6B /* WalkingAppUITests */,
			);
		};
/* End PBXProject section */

/* Begin PBXResourcesBuildPhase section */
		9749C9682588AE7500264D6B /* Resources */ = {
			isa = PBXResourcesBuildPhase;
			buildActionMask = 2147483647;
			files = (
				9749C97A2588AE7600264D6B /* LaunchScreen.storyboard in Resources */,
				9749CA2725A45D5F00264D6B /* GoogleService-Info.plist in Resources */,
				9749C9772588AE7600264D6B /* Assets.xcassets in Resources */,
				9749C9752588AE7500264D6B /* Main.storyboard in Resources */,
			);
			runOnlyForDeploymentPostprocessing = 0;
		};
		9749C97E2588AE7600264D6B /* Resources */ = {
			isa = PBXResourcesBuildPhase;
			buildActionMask = 2147483647;
			files = (
			);
			runOnlyForDeploymentPostprocessing = 0;
		};
		9749C9892588AE7600264D6B /* Resources */ = {
			isa = PBXResourcesBuildPhase;
			buildActionMask = 2147483647;
			files = (
			);
			runOnlyForDeploymentPostprocessing = 0;
		};
/* End PBXResourcesBuildPhase section */

/* Begin PBXShellScriptBuildPhase section */
		2808BAECF081CC9A1D407B8B /* [CP] Check Pods Manifest.lock */ = {
			isa = PBXShellScriptBuildPhase;
			buildActionMask = 2147483647;
			files = (
			);
			inputFileListPaths = (
			);
			inputPaths = (
				"${PODS_PODFILE_DIR_PATH}/Podfile.lock",
				"${PODS_ROOT}/Manifest.lock",
			);
			name = "[CP] Check Pods Manifest.lock";
			outputFileListPaths = (
			);
			outputPaths = (
				"$(DERIVED_FILE_DIR)/Pods-WalkingApp-WalkingAppUITests-checkManifestLockResult.txt",
			);
			runOnlyForDeploymentPostprocessing = 0;
			shellPath = /bin/sh;
			shellScript = "diff \"${PODS_PODFILE_DIR_PATH}/Podfile.lock\" \"${PODS_ROOT}/Manifest.lock\" > /dev/null\nif [ $? != 0 ] ; then\n    # print error to STDERR\n    echo \"error: The sandbox is not in sync with the Podfile.lock. Run 'pod install' or update your CocoaPods installation.\" >&2\n    exit 1\nfi\n# This output is used by Xcode 'outputs' to avoid re-running this script phase.\necho \"SUCCESS\" > \"${SCRIPT_OUTPUT_FILE_0}\"\n";
			showEnvVarsInLog = 0;
		};
		2D1D06089E7BC3A507755FB1 /* [CP] Check Pods Manifest.lock */ = {
			isa = PBXShellScriptBuildPhase;
			buildActionMask = 2147483647;
			files = (
			);
			inputFileListPaths = (
			);
			inputPaths = (
				"${PODS_PODFILE_DIR_PATH}/Podfile.lock",
				"${PODS_ROOT}/Manifest.lock",
			);
			name = "[CP] Check Pods Manifest.lock";
			outputFileListPaths = (
			);
			outputPaths = (
				"$(DERIVED_FILE_DIR)/Pods-WalkingApp-checkManifestLockResult.txt",
			);
			runOnlyForDeploymentPostprocessing = 0;
			shellPath = /bin/sh;
			shellScript = "diff \"${PODS_PODFILE_DIR_PATH}/Podfile.lock\" \"${PODS_ROOT}/Manifest.lock\" > /dev/null\nif [ $? != 0 ] ; then\n    # print error to STDERR\n    echo \"error: The sandbox is not in sync with the Podfile.lock. Run 'pod install' or update your CocoaPods installation.\" >&2\n    exit 1\nfi\n# This output is used by Xcode 'outputs' to avoid re-running this script phase.\necho \"SUCCESS\" > \"${SCRIPT_OUTPUT_FILE_0}\"\n";
			showEnvVarsInLog = 0;
		};
		5D2C3BF628F8E9406351740C /* [CP] Check Pods Manifest.lock */ = {
			isa = PBXShellScriptBuildPhase;
			buildActionMask = 2147483647;
			files = (
			);
			inputFileListPaths = (
			);
			inputPaths = (
				"${PODS_PODFILE_DIR_PATH}/Podfile.lock",
				"${PODS_ROOT}/Manifest.lock",
			);
			name = "[CP] Check Pods Manifest.lock";
			outputFileListPaths = (
			);
			outputPaths = (
				"$(DERIVED_FILE_DIR)/Pods-WalkingAppTests-checkManifestLockResult.txt",
			);
			runOnlyForDeploymentPostprocessing = 0;
			shellPath = /bin/sh;
			shellScript = "diff \"${PODS_PODFILE_DIR_PATH}/Podfile.lock\" \"${PODS_ROOT}/Manifest.lock\" > /dev/null\nif [ $? != 0 ] ; then\n    # print error to STDERR\n    echo \"error: The sandbox is not in sync with the Podfile.lock. Run 'pod install' or update your CocoaPods installation.\" >&2\n    exit 1\nfi\n# This output is used by Xcode 'outputs' to avoid re-running this script phase.\necho \"SUCCESS\" > \"${SCRIPT_OUTPUT_FILE_0}\"\n";
			showEnvVarsInLog = 0;
		};
		B19EE936C94865D2ABEE249A /* [CP] Embed Pods Frameworks */ = {
			isa = PBXShellScriptBuildPhase;
			buildActionMask = 2147483647;
			files = (
			);
			inputFileListPaths = (
				"${PODS_ROOT}/Target Support Files/Pods-WalkingApp-WalkingAppUITests/Pods-WalkingApp-WalkingAppUITests-frameworks-${CONFIGURATION}-input-files.xcfilelist",
			);
			name = "[CP] Embed Pods Frameworks";
			outputFileListPaths = (
				"${PODS_ROOT}/Target Support Files/Pods-WalkingApp-WalkingAppUITests/Pods-WalkingApp-WalkingAppUITests-frameworks-${CONFIGURATION}-output-files.xcfilelist",
			);
			runOnlyForDeploymentPostprocessing = 0;
			shellPath = /bin/sh;
			shellScript = "\"${PODS_ROOT}/Target Support Files/Pods-WalkingApp-WalkingAppUITests/Pods-WalkingApp-WalkingAppUITests-frameworks.sh\"\n";
			showEnvVarsInLog = 0;
		};
		E4BBFE12F139E60CBAF8FF6D /* [CP] Embed Pods Frameworks */ = {
			isa = PBXShellScriptBuildPhase;
			buildActionMask = 2147483647;
			files = (
			);
			inputFileListPaths = (
				"${PODS_ROOT}/Target Support Files/Pods-WalkingApp/Pods-WalkingApp-frameworks-${CONFIGURATION}-input-files.xcfilelist",
			);
			name = "[CP] Embed Pods Frameworks";
			outputFileListPaths = (
				"${PODS_ROOT}/Target Support Files/Pods-WalkingApp/Pods-WalkingApp-frameworks-${CONFIGURATION}-output-files.xcfilelist",
			);
			runOnlyForDeploymentPostprocessing = 0;
			shellPath = /bin/sh;
			shellScript = "\"${PODS_ROOT}/Target Support Files/Pods-WalkingApp/Pods-WalkingApp-frameworks.sh\"\n";
			showEnvVarsInLog = 0;
		};
/* End PBXShellScriptBuildPhase section */

/* Begin PBXSourcesBuildPhase section */
		9749C9662588AE7500264D6B /* Sources */ = {
			isa = PBXSourcesBuildPhase;
			buildActionMask = 2147483647;
			files = (
				9749C9C0259B177F00264D6B /* Utilities.swift in Sources */,
				9749C9722588AE7500264D6B /* ViewController.swift in Sources */,
				9749C96E2588AE7500264D6B /* AppDelegate.swift in Sources */,
				9749C9E3259BC67300264D6B /* HomeViewController.swift in Sources */,
				9749C9B62591E1CF00264D6B /* SignUpViewController.swift in Sources */,
				9749C9DE259BC4D300264D6B /* Constants.swift in Sources */,
				9749C9BB2591E23600264D6B /* LoginViewController.swift in Sources */,
				9749C9702588AE7500264D6B /* SceneDelegate.swift in Sources */,
			);
			runOnlyForDeploymentPostprocessing = 0;
		};
		9749C97C2588AE7600264D6B /* Sources */ = {
			isa = PBXSourcesBuildPhase;
			buildActionMask = 2147483647;
			files = (
				9749C9852588AE7600264D6B /* WalkingAppTests.swift in Sources */,
			);
			runOnlyForDeploymentPostprocessing = 0;
		};
		9749C9872588AE7600264D6B /* Sources */ = {
			isa = PBXSourcesBuildPhase;
			buildActionMask = 2147483647;
			files = (
				9749C9902588AE7600264D6B /* WalkingAppUITests.swift in Sources */,
			);
			runOnlyForDeploymentPostprocessing = 0;
		};
/* End PBXSourcesBuildPhase section */

/* Begin PBXTargetDependency section */
		9749C9822588AE7600264D6B /* PBXTargetDependency */ = {
			isa = PBXTargetDependency;
			target = 9749C9692588AE7500264D6B /* WalkingApp */;
			targetProxy = 9749C9812588AE7600264D6B /* PBXContainerItemProxy */;
		};
		9749C98D2588AE7600264D6B /* PBXTargetDependency */ = {
			isa = PBXTargetDependency;
			target = 9749C9692588AE7500264D6B /* WalkingApp */;
			targetProxy = 9749C98C2588AE7600264D6B /* PBXContainerItemProxy */;
		};
/* End PBXTargetDependency section */

/* Begin PBXVariantGroup section */
		9749C9732588AE7500264D6B /* Main.storyboard */ = {
			isa = PBXVariantGroup;
			children = (
				9749C9742588AE7500264D6B /* Base */,
			);
			name = Main.storyboard;
			sourceTree = "<group>";
		};
		9749C9782588AE7600264D6B /* LaunchScreen.storyboard */ = {
			isa = PBXVariantGroup;
			children = (
				9749C9792588AE7600264D6B /* Base */,
			);
			name = LaunchScreen.storyboard;
			sourceTree = "<group>";
		};
/* End PBXVariantGroup section */

/* Begin XCBuildConfiguration section */
		9749C9922588AE7600264D6B /* Debug */ = {
			isa = XCBuildConfiguration;
			buildSettings = {
				ALWAYS_SEARCH_USER_PATHS = NO;
				CLANG_ANALYZER_NONNULL = YES;
				CLANG_ANALYZER_NUMBER_OBJECT_CONVERSION = YES_AGGRESSIVE;
				CLANG_CXX_LANGUAGE_STANDARD = "gnu++14";
				CLANG_CXX_LIBRARY = "libc++";
				CLANG_ENABLE_MODULES = YES;
				CLANG_ENABLE_OBJC_ARC = YES;
				CLANG_ENABLE_OBJC_WEAK = YES;
				CLANG_WARN_BLOCK_CAPTURE_AUTORELEASING = YES;
				CLANG_WARN_BOOL_CONVERSION = YES;
				CLANG_WARN_COMMA = YES;
				CLANG_WARN_CONSTANT_CONVERSION = YES;
				CLANG_WARN_DEPRECATED_OBJC_IMPLEMENTATIONS = YES;
				CLANG_WARN_DIRECT_OBJC_ISA_USAGE = YES_ERROR;
				CLANG_WARN_DOCUMENTATION_COMMENTS = YES;
				CLANG_WARN_EMPTY_BODY = YES;
				CLANG_WARN_ENUM_CONVERSION = YES;
				CLANG_WARN_INFINITE_RECURSION = YES;
				CLANG_WARN_INT_CONVERSION = YES;
				CLANG_WARN_NON_LITERAL_NULL_CONVERSION = YES;
				CLANG_WARN_OBJC_IMPLICIT_RETAIN_SELF = YES;
				CLANG_WARN_OBJC_LITERAL_CONVERSION = YES;
				CLANG_WARN_OBJC_ROOT_CLASS = YES_ERROR;
				CLANG_WARN_QUOTED_INCLUDE_IN_FRAMEWORK_HEADER = YES;
				CLANG_WARN_RANGE_LOOP_ANALYSIS = YES;
				CLANG_WARN_STRICT_PROTOTYPES = YES;
				CLANG_WARN_SUSPICIOUS_MOVE = YES;
				CLANG_WARN_UNGUARDED_AVAILABILITY = YES_AGGRESSIVE;
				CLANG_WARN_UNREACHABLE_CODE = YES;
				CLANG_WARN__DUPLICATE_METHOD_MATCH = YES;
				COPY_PHASE_STRIP = NO;
				DEBUG_INFORMATION_FORMAT = dwarf;
				ENABLE_STRICT_OBJC_MSGSEND = YES;
				ENABLE_TESTABILITY = YES;
				GCC_C_LANGUAGE_STANDARD = gnu11;
				GCC_DYNAMIC_NO_PIC = NO;
				GCC_NO_COMMON_BLOCKS = YES;
				GCC_OPTIMIZATION_LEVEL = 0;
				GCC_PREPROCESSOR_DEFINITIONS = (
					"DEBUG=1",
					"$(inherited)",
				);
				GCC_WARN_64_TO_32_BIT_CONVERSION = YES;
				GCC_WARN_ABOUT_RETURN_TYPE = YES_ERROR;
				GCC_WARN_UNDECLARED_SELECTOR = YES;
				GCC_WARN_UNINITIALIZED_AUTOS = YES_AGGRESSIVE;
				GCC_WARN_UNUSED_FUNCTION = YES;
				GCC_WARN_UNUSED_VARIABLE = YES;
				IPHONEOS_DEPLOYMENT_TARGET = 14.2;
				MTL_ENABLE_DEBUG_INFO = INCLUDE_SOURCE;
				MTL_FAST_MATH = YES;
				ONLY_ACTIVE_ARCH = YES;
				SDKROOT = iphoneos;
				SWIFT_ACTIVE_COMPILATION_CONDITIONS = DEBUG;
				SWIFT_OPTIMIZATION_LEVEL = "-Onone";
			};
			name = Debug;
		};
		9749C9932588AE7600264D6B /* Release */ = {
			isa = XCBuildConfiguration;
			buildSettings = {
				ALWAYS_SEARCH_USER_PATHS = NO;
				CLANG_ANALYZER_NONNULL = YES;
				CLANG_ANALYZER_NUMBER_OBJECT_CONVERSION = YES_AGGRESSIVE;
				CLANG_CXX_LANGUAGE_STANDARD = "gnu++14";
				CLANG_CXX_LIBRARY = "libc++";
				CLANG_ENABLE_MODULES = YES;
				CLANG_ENABLE_OBJC_ARC = YES;
				CLANG_ENABLE_OBJC_WEAK = YES;
				CLANG_WARN_BLOCK_CAPTURE_AUTORELEASING = YES;
				CLANG_WARN_BOOL_CONVERSION = YES;
				CLANG_WARN_COMMA = YES;
				CLANG_WARN_CONSTANT_CONVERSION = YES;
				CLANG_WARN_DEPRECATED_OBJC_IMPLEMENTATIONS = YES;
				CLANG_WARN_DIRECT_OBJC_ISA_USAGE = YES_ERROR;
				CLANG_WARN_DOCUMENTATION_COMMENTS = YES;
				CLANG_WARN_EMPTY_BODY = YES;
				CLANG_WARN_ENUM_CONVERSION = YES;
				CLANG_WARN_INFINITE_RECURSION = YES;
				CLANG_WARN_INT_CONVERSION = YES;
				CLANG_WARN_NON_LITERAL_NULL_CONVERSION = YES;
				CLANG_WARN_OBJC_IMPLICIT_RETAIN_SELF = YES;
				CLANG_WARN_OBJC_LITERAL_CONVERSION = YES;
				CLANG_WARN_OBJC_ROOT_CLASS = YES_ERROR;
				CLANG_WARN_QUOTED_INCLUDE_IN_FRAMEWORK_HEADER = YES;
				CLANG_WARN_RANGE_LOOP_ANALYSIS = YES;
				CLANG_WARN_STRICT_PROTOTYPES = YES;
				CLANG_WARN_SUSPICIOUS_MOVE = YES;
				CLANG_WARN_UNGUARDED_AVAILABILITY = YES_AGGRESSIVE;
				CLANG_WARN_UNREACHABLE_CODE = YES;
				CLANG_WARN__DUPLICATE_METHOD_MATCH = YES;
				COPY_PHASE_STRIP = NO;
				DEBUG_INFORMATION_FORMAT = "dwarf-with-dsym";
				ENABLE_NS_ASSERTIONS = NO;
				ENABLE_STRICT_OBJC_MSGSEND = YES;
				GCC_C_LANGUAGE_STANDARD = gnu11;
				GCC_NO_COMMON_BLOCKS = YES;
				GCC_WARN_64_TO_32_BIT_CONVERSION = YES;
				GCC_WARN_ABOUT_RETURN_TYPE = YES_ERROR;
				GCC_WARN_UNDECLARED_SELECTOR = YES;
				GCC_WARN_UNINITIALIZED_AUTOS = YES_AGGRESSIVE;
				GCC_WARN_UNUSED_FUNCTION = YES;
				GCC_WARN_UNUSED_VARIABLE = YES;
				IPHONEOS_DEPLOYMENT_TARGET = 14.2;
				MTL_ENABLE_DEBUG_INFO = NO;
				MTL_FAST_MATH = YES;
				SDKROOT = iphoneos;
				SWIFT_COMPILATION_MODE = wholemodule;
				SWIFT_OPTIMIZATION_LEVEL = "-O";
				VALIDATE_PRODUCT = YES;
			};
			name = Release;
		};
		9749C9952588AE7600264D6B /* Debug */ = {
			isa = XCBuildConfiguration;
			baseConfigurationReference = F49808C873C912C8BFE68510 /* Pods-WalkingApp.debug.xcconfig */;
			buildSettings = {
				ASSETCATALOG_COMPILER_APPICON_NAME = AppIcon;
				ASSETCATALOG_COMPILER_GLOBAL_ACCENT_COLOR_NAME = AccentColor;
				CODE_SIGN_STYLE = Automatic;
				DEVELOPMENT_TEAM = X3BFF75399;
				INFOPLIST_FILE = WalkingApp/Info.plist;
				LD_RUNPATH_SEARCH_PATHS = (
					"$(inherited)",
					"@executable_path/Frameworks",
				);
				PRODUCT_BUNDLE_IDENTIFIER = com.AndyKCode.WalkingApp19Mayis;
				PRODUCT_NAME = "$(TARGET_NAME)";
				SWIFT_VERSION = 5.0;
				TARGETED_DEVICE_FAMILY = "1,2";
			};
			name = Debug;
		};
		9749C9962588AE7600264D6B /* Release */ = {
			isa = XCBuildConfiguration;
			baseConfigurationReference = DBCAAD091D97ACA397856A52 /* Pods-WalkingApp.release.xcconfig */;
			buildSettings = {
				ASSETCATALOG_COMPILER_APPICON_NAME = AppIcon;
				ASSETCATALOG_COMPILER_GLOBAL_ACCENT_COLOR_NAME = AccentColor;
				CODE_SIGN_STYLE = Automatic;
				DEVELOPMENT_TEAM = X3BFF75399;
				INFOPLIST_FILE = WalkingApp/Info.plist;
				LD_RUNPATH_SEARCH_PATHS = (
					"$(inherited)",
					"@executable_path/Frameworks",
				);
				PRODUCT_BUNDLE_IDENTIFIER = com.AndyKCode.WalkingApp19Mayis;
				PRODUCT_NAME = "$(TARGET_NAME)";
				SWIFT_VERSION = 5.0;
				TARGETED_DEVICE_FAMILY = "1,2";
			};
			name = Release;
		};
		9749C9982588AE7600264D6B /* Debug */ = {
			isa = XCBuildConfiguration;
			baseConfigurationReference = D50B90A1FE11EE01A90C6C8A /* Pods-WalkingAppTests.debug.xcconfig */;
			buildSettings = {
				ALWAYS_EMBED_SWIFT_STANDARD_LIBRARIES = YES;
				BUNDLE_LOADER = "$(TEST_HOST)";
				CODE_SIGN_STYLE = Automatic;
				DEVELOPMENT_TEAM = X3BFF75399;
				INFOPLIST_FILE = WalkingAppTests/Info.plist;
				IPHONEOS_DEPLOYMENT_TARGET = 14.2;
				LD_RUNPATH_SEARCH_PATHS = (
					"$(inherited)",
					"@executable_path/Frameworks",
					"@loader_path/Frameworks",
				);
				PRODUCT_BUNDLE_IDENTIFIER = AndyKCode.WalkingAppTests;
				PRODUCT_NAME = "$(TARGET_NAME)";
				SWIFT_VERSION = 5.0;
				TARGETED_DEVICE_FAMILY = "1,2";
				TEST_HOST = "$(BUILT_PRODUCTS_DIR)/WalkingApp.app/WalkingApp";
			};
			name = Debug;
		};
		9749C9992588AE7600264D6B /* Release */ = {
			isa = XCBuildConfiguration;
			baseConfigurationReference = D4D923EFE6B551EBA8B0D859 /* Pods-WalkingAppTests.release.xcconfig */;
			buildSettings = {
				ALWAYS_EMBED_SWIFT_STANDARD_LIBRARIES = YES;
				BUNDLE_LOADER = "$(TEST_HOST)";
				CODE_SIGN_STYLE = Automatic;
				DEVELOPMENT_TEAM = X3BFF75399;
				INFOPLIST_FILE = WalkingAppTests/Info.plist;
				IPHONEOS_DEPLOYMENT_TARGET = 14.2;
				LD_RUNPATH_SEARCH_PATHS = (
					"$(inherited)",
					"@executable_path/Frameworks",
					"@loader_path/Frameworks",
				);
				PRODUCT_BUNDLE_IDENTIFIER = AndyKCode.WalkingAppTests;
				PRODUCT_NAME = "$(TARGET_NAME)";
				SWIFT_VERSION = 5.0;
				TARGETED_DEVICE_FAMILY = "1,2";
				TEST_HOST = "$(BUILT_PRODUCTS_DIR)/WalkingApp.app/WalkingApp";
			};
			name = Release;
		};
		9749C99B2588AE7600264D6B /* Debug */ = {
			isa = XCBuildConfiguration;
			baseConfigurationReference = 0E7EC713E37223BE9203AFAF /* Pods-WalkingApp-WalkingAppUITests.debug.xcconfig */;
			buildSettings = {
				ALWAYS_EMBED_SWIFT_STANDARD_LIBRARIES = YES;
				CODE_SIGN_STYLE = Automatic;
				DEVELOPMENT_TEAM = X3BFF75399;
				INFOPLIST_FILE = WalkingAppUITests/Info.plist;
				LD_RUNPATH_SEARCH_PATHS = (
					"$(inherited)",
					"@executable_path/Frameworks",
					"@loader_path/Frameworks",
				);
				PRODUCT_BUNDLE_IDENTIFIER = AndyKCode.WalkingAppUITests;
				PRODUCT_NAME = "$(TARGET_NAME)";
				SWIFT_VERSION = 5.0;
				TARGETED_DEVICE_FAMILY = "1,2";
				TEST_TARGET_NAME = WalkingApp;
			};
			name = Debug;
		};
		9749C99C2588AE7600264D6B /* Release */ = {
			isa = XCBuildConfiguration;
			baseConfigurationReference = A3BF62F7C4D8101BFD8AA4A0 /* Pods-WalkingApp-WalkingAppUITests.release.xcconfig */;
			buildSettings = {
				ALWAYS_EMBED_SWIFT_STANDARD_LIBRARIES = YES;
				CODE_SIGN_STYLE = Automatic;
				DEVELOPMENT_TEAM = X3BFF75399;
				INFOPLIST_FILE = WalkingAppUITests/Info.plist;
				LD_RUNPATH_SEARCH_PATHS = (
					"$(inherited)",
					"@executable_path/Frameworks",
					"@loader_path/Frameworks",
				);
				PRODUCT_BUNDLE_IDENTIFIER = AndyKCode.WalkingAppUITests;
				PRODUCT_NAME = "$(TARGET_NAME)";
				SWIFT_VERSION = 5.0;
				TARGETED_DEVICE_FAMILY = "1,2";
				TEST_TARGET_NAME = WalkingApp;
			};
			name = Release;
		};
/* End XCBuildConfiguration section */

/* Begin XCConfigurationList section */
		9749C9652588AE7500264D6B /* Build configuration list for PBXProject "WalkingApp" */ = {
			isa = XCConfigurationList;
			buildConfigurations = (
				9749C9922588AE7600264D6B /* Debug */,
				9749C9932588AE7600264D6B /* Release */,
			);
			defaultConfigurationIsVisible = 0;
			defaultConfigurationName = Release;
		};
		9749C9942588AE7600264D6B /* Build configuration list for PBXNativeTarget "WalkingApp" */ = {
			isa = XCConfigurationList;
			buildConfigurations = (
				9749C9952588AE7600264D6B /* Debug */,
				9749C9962588AE7600264D6B /* Release */,
			);
			defaultConfigurationIsVisible = 0;
			defaultConfigurationName = Release;
		};
		9749C9972588AE7600264D6B /* Build configuration list for PBXNativeTarget "WalkingAppTests" */ = {
			isa = XCConfigurationList;
			buildConfigurations = (
				9749C9982588AE7600264D6B /* Debug */,
				9749C9992588AE7600264D6B /* Release */,
			);
			defaultConfigurationIsVisible = 0;
			defaultConfigurationName = Release;
		};
		9749C99A2588AE7600264D6B /* Build configuration list for PBXNativeTarget "WalkingAppUITests" */ = {
			isa = XCConfigurationList;
			buildConfigurations = (
				9749C99B2588AE7600264D6B /* Debug */,
				9749C99C2588AE7600264D6B /* Release */,
			);
			defaultConfigurationIsVisible = 0;
			defaultConfigurationName = Release;
		};
/* End XCConfigurationList section */
	};
	rootObject = 9749C9622588AE7500264D6B /* Project object */;
}
